
Microsoft Visual Studio Solution File, Format Version 12.00
# Visual Studio 15
VisualStudioVersion = 15.0.28307.168
MinimumVisualStudioVersion = 10.0.40219.1
Project("{9A19103F-16F7-4668-BE54-9A1E7A4F7556}") = "wj.ObjectComparer", "wj.ObjectComparer\wj.ObjectComparer.csproj", "{3399F1A7-E3A3-413E-B9C1-BCCCD7DEDB29}"
EndProject
Project("{9A19103F-16F7-4668-BE54-9A1E7A4F7556}") = "wj.ObjectComparer.Tests", "wj.ObjectComparer.Tests\wj.ObjectComparer.Tests.csproj", "{A293E80F-E4D5-427A-B7BB-57691FD169A4}"
EndProject
Project("{9A19103F-16F7-4668-BE54-9A1E7A4F7556}") = "wj.ObjectComparer.TestModels", "wj.ObjectComparer.TestModels\wj.ObjectComparer.TestModels.csproj", "{F6D48E3B-F5D3-46F9-951F-769C07095336}"
EndProject
Global
	GlobalSection(SolutionConfigurationPlatforms) = preSolution
		Debug|Any CPU = Debug|Any CPU
		Release|Any CPU = Release|Any CPU
	EndGlobalSection
	GlobalSection(ProjectConfigurationPlatforms) = postSolution
		{3399F1A7-E3A3-413E-B9C1-BCCCD7DEDB29}.Debug|Any CPU.ActiveCfg = Debug|Any CPU
		{3399F1A7-E3A3-413E-B9C1-BCCCD7DEDB29}.Debug|Any CPU.Build.0 = Debug|Any CPU
		{3399F1A7-E3A3-413E-B9C1-BCCCD7DEDB29}.Release|Any CPU.ActiveCfg = Release|Any CPU
		{3399F1A7-E3A3-413E-B9C1-BCCCD7DEDB29}.Release|Any CPU.Build.0 = Release|Any CPU
		{A293E80F-E4D5-427A-B7BB-57691FD169A4}.Debug|Any CPU.ActiveCfg = Debug|Any CPU
		{A293E80F-E4D5-427A-B7BB-57691FD169A4}.Debug|Any CPU.Build.0 = Debug|Any CPU
		{A293E80F-E4D5-427A-B7BB-57691FD169A4}.Release|Any CPU.ActiveCfg = Release|Any CPU
		{A293E80F-E4D5-427A-B7BB-57691FD169A4}.Release|Any CPU.Build.0 = Release|Any CPU
		{F6D48E3B-F5D3-46F9-951F-769C07095336}.Debug|Any CPU.ActiveCfg = Debug|Any CPU
		{F6D48E3B-F5D3-46F9-951F-769C07095336}.Debug|Any CPU.Build.0 = Debug|Any CPU
		{F6D48E3B-F5D3-46F9-951F-769C07095336}.Release|Any CPU.ActiveCfg = Release|Any CPU
		{F6D48E3B-F5D3-46F9-951F-769C07095336}.Release|Any CPU.Build.0 = Release|Any CPU
	EndGlobalSection
	GlobalSection(SolutionProperties) = preSolution
		HideSolutionNode = FALSE
	EndGlobalSection
	GlobalSection(ExtensibilityGlobals) = postSolution
		SolutionGuid = {4DA3CD68-E77B-49C5-A96B-731C340E41A4}
	EndGlobalSection
EndGlobal
